
Microsoft Visual Studio Solution File, Format Version 12.00
# Visual Studio Version 16
VisualStudioVersion = 16.0.29806.167
MinimumVisualStudioVersion = 10.0.40219.1
Project("{FAE04EC0-301F-11D3-BF4B-00C04F79EFBC}") = "FakerDTO", "FakerDTO.csproj", "{1785DEFF-F1CC-4256-9885-7B279E54C35B}"
EndProject
Project("{FAE04EC0-301F-11D3-BF4B-00C04F79EFBC}") = "FakerConsole", "..\FakerConsole\FakerConsole.csproj", "{FF7DCA09-6A6D-4647-88F6-A4CA9A907362}"
EndProject
Project("{FAE04EC0-301F-11D3-BF4B-00C04F79EFBC}") = "DoubleGeneratorPlugin", "..\DoubleGeneratorPlugin\DoubleGeneratorPlugin.csproj", "{F90F5727-1FCE-4012-8F96-8D9126C9BA8D}"
EndProject
Project("{FAE04EC0-301F-11D3-BF4B-00C04F79EFBC}") = "IntGeneratorPlugin", "..\IntGeneratorPlugin\IntGeneratorPlugin.csproj", "{BCC9378C-B7AB-41FB-9F96-103DEBE9166C}"
EndProject
Project("{FAE04EC0-301F-11D3-BF4B-00C04F79EFBC}") = "UnitTests", "..\UnitTests\UnitTests.csproj", "{9C3AEEDE-EB15-4833-B639-C7981CC6D38E}"
EndProject
Global
	GlobalSection(SolutionConfigurationPlatforms) = preSolution
		Debug|Any CPU = Debug|Any CPU
		Release|Any CPU = Release|Any CPU
	EndGlobalSection
	GlobalSection(ProjectConfigurationPlatforms) = postSolution
		{1785DEFF-F1CC-4256-9885-7B279E54C35B}.Debug|Any CPU.ActiveCfg = Debug|Any CPU
		{1785DEFF-F1CC-4256-9885-7B279E54C35B}.Debug|Any CPU.Build.0 = Debug|Any CPU
		{1785DEFF-F1CC-4256-9885-7B279E54C35B}.Release|Any CPU.ActiveCfg = Release|Any CPU
		{1785DEFF-F1CC-4256-9885-7B279E54C35B}.Release|Any CPU.Build.0 = Release|Any CPU
		{FF7DCA09-6A6D-4647-88F6-A4CA9A907362}.Debug|Any CPU.ActiveCfg = Debug|Any CPU
		{FF7DCA09-6A6D-4647-88F6-A4CA9A907362}.Debug|Any CPU.Build.0 = Debug|Any CPU
		{FF7DCA09-6A6D-4647-88F6-A4CA9A907362}.Release|Any CPU.ActiveCfg = Release|Any CPU
		{FF7DCA09-6A6D-4647-88F6-A4CA9A907362}.Release|Any CPU.Build.0 = Release|Any CPU
		{F90F5727-1FCE-4012-8F96-8D9126C9BA8D}.Debug|Any CPU.ActiveCfg = Debug|Any CPU
		{F90F5727-1FCE-4012-8F96-8D9126C9BA8D}.Debug|Any CPU.Build.0 = Debug|Any CPU
		{F90F5727-1FCE-4012-8F96-8D9126C9BA8D}.Release|Any CPU.ActiveCfg = Release|Any CPU
		{F90F5727-1FCE-4012-8F96-8D9126C9BA8D}.Release|Any CPU.Build.0 = Release|Any CPU
		{BCC9378C-B7AB-41FB-9F96-103DEBE9166C}.Debug|Any CPU.ActiveCfg = Debug|Any CPU
		{BCC9378C-B7AB-41FB-9F96-103DEBE9166C}.Debug|Any CPU.Build.0 = Debug|Any CPU
		{BCC9378C-B7AB-41FB-9F96-103DEBE9166C}.Release|Any CPU.ActiveCfg = Release|Any CPU
		{BCC9378C-B7AB-41FB-9F96-103DEBE9166C}.Release|Any CPU.Build.0 = Release|Any CPU
		{9C3AEEDE-EB15-4833-B639-C7981CC6D38E}.Debug|Any CPU.ActiveCfg = Debug|Any CPU
		{9C3AEEDE-EB15-4833-B639-C7981CC6D38E}.Debug|Any CPU.Build.0 = Debug|Any CPU
		{9C3AEEDE-EB15-4833-B639-C7981CC6D38E}.Release|Any CPU.ActiveCfg = Release|Any CPU
		{9C3AEEDE-EB15-4833-B639-C7981CC6D38E}.Release|Any CPU.Build.0 = Release|Any CPU
	EndGlobalSection
	GlobalSection(SolutionProperties) = preSolution
		HideSolutionNode = FALSE
	EndGlobalSection
	GlobalSection(ExtensibilityGlobals) = postSolution
		SolutionGuid = {3A6FADD9-0F7D-4F04-B7C8-873E13E0AE29}
	EndGlobalSection
EndGlobal
